
Microsoft Visual Studio Solution File, Format Version 12.00
# Visual Studio 14
VisualStudioVersion = 14.0.25420.1
MinimumVisualStudioVersion = 10.0.40219.1
Project("{FAE04EC0-301F-11D3-BF4B-00C04F79EFBC}") = "Widget", "Widget\Widget.csproj", "{777497E7-9F32-4A66-91B7-34107EF6C49C}"
EndProject
Project("{FAE04EC0-301F-11D3-BF4B-00C04F79EFBC}") = "Lugares", "Lugares\Lugares.csproj", "{B9321344-6B3F-4AB6-BE7F-81815E440ADA}"
	ProjectSection(ProjectDependencies) = postProject
		{1F2A9B75-122D-4F78-AF13-6D4305880E58} = {1F2A9B75-122D-4F78-AF13-6D4305880E58}
	EndProjectSection
EndProject
Project("{FAE04EC0-301F-11D3-BF4B-00C04F79EFBC}") = "Datum", "Datum\Datum.csproj", "{1F2A9B75-122D-4F78-AF13-6D4305880E58}"
EndProject
Project("{FAE04EC0-301F-11D3-BF4B-00C04F79EFBC}") = "Cancela", "Cancela\Cancela.csproj", "{9C76A64C-2B9B-43EE-9FBC-448BA7531693}"
	ProjectSection(ProjectDependencies) = postProject
		{B9321344-6B3F-4AB6-BE7F-81815E440ADA} = {B9321344-6B3F-4AB6-BE7F-81815E440ADA}
	EndProjectSection
EndProject
Project("{FAE04EC0-301F-11D3-BF4B-00C04F79EFBC}") = "Visita", "Visita\Visita.csproj", "{9D6BFDB3-8A83-4476-9639-FEEED51A470A}"
EndProject
Global
	GlobalSection(SolutionConfigurationPlatforms) = preSolution
		Debug|Any CPU = Debug|Any CPU
		Release|Any CPU = Release|Any CPU
	EndGlobalSection
	GlobalSection(ProjectConfigurationPlatforms) = postSolution
		{777497E7-9F32-4A66-91B7-34107EF6C49C}.Debug|Any CPU.ActiveCfg = Debug|Any CPU
		{777497E7-9F32-4A66-91B7-34107EF6C49C}.Debug|Any CPU.Build.0 = Debug|Any CPU
		{777497E7-9F32-4A66-91B7-34107EF6C49C}.Release|Any CPU.ActiveCfg = Release|Any CPU
		{777497E7-9F32-4A66-91B7-34107EF6C49C}.Release|Any CPU.Build.0 = Release|Any CPU
		{B9321344-6B3F-4AB6-BE7F-81815E440ADA}.Debug|Any CPU.ActiveCfg = Debug|Any CPU
		{B9321344-6B3F-4AB6-BE7F-81815E440ADA}.Debug|Any CPU.Build.0 = Debug|Any CPU
		{B9321344-6B3F-4AB6-BE7F-81815E440ADA}.Release|Any CPU.ActiveCfg = Release|Any CPU
		{B9321344-6B3F-4AB6-BE7F-81815E440ADA}.Release|Any CPU.Build.0 = Release|Any CPU
		{1F2A9B75-122D-4F78-AF13-6D4305880E58}.Debug|Any CPU.ActiveCfg = Debug|Any CPU
		{1F2A9B75-122D-4F78-AF13-6D4305880E58}.Debug|Any CPU.Build.0 = Debug|Any CPU
		{1F2A9B75-122D-4F78-AF13-6D4305880E58}.Release|Any CPU.ActiveCfg = Release|Any CPU
		{1F2A9B75-122D-4F78-AF13-6D4305880E58}.Release|Any CPU.Build.0 = Release|Any CPU
		{9C76A64C-2B9B-43EE-9FBC-448BA7531693}.Debug|Any CPU.ActiveCfg = Debug|Any CPU
		{9C76A64C-2B9B-43EE-9FBC-448BA7531693}.Debug|Any CPU.Build.0 = Debug|Any CPU
		{9C76A64C-2B9B-43EE-9FBC-448BA7531693}.Release|Any CPU.ActiveCfg = Release|Any CPU
		{9C76A64C-2B9B-43EE-9FBC-448BA7531693}.Release|Any CPU.Build.0 = Release|Any CPU
		{9D6BFDB3-8A83-4476-9639-FEEED51A470A}.Debug|Any CPU.ActiveCfg = Debug|Any CPU
		{9D6BFDB3-8A83-4476-9639-FEEED51A470A}.Debug|Any CPU.Build.0 = Debug|Any CPU
		{9D6BFDB3-8A83-4476-9639-FEEED51A470A}.Release|Any CPU.ActiveCfg = Release|Any CPU
		{9D6BFDB3-8A83-4476-9639-FEEED51A470A}.Release|Any CPU.Build.0 = Release|Any CPU
	EndGlobalSection
	GlobalSection(SolutionProperties) = preSolution
		HideSolutionNode = FALSE
	EndGlobalSection
EndGlobal
